
Microsoft Visual Studio Solution File, Format Version 12.00
# Visual Studio 15
VisualStudioVersion = 15.0.27004.2009
MinimumVisualStudioVersion = 10.0.40219.1
Project("{FAE04EC0-301F-11D3-BF4B-00C04F79EFBC}") = "Task", "Task\Task.csproj", "{854717EF-97E7-4B43-8871-5393007FEC53}"
EndProject
Global
	GlobalSection(SolutionConfigurationPlatforms) = preSolution
		Debug|Any CPU = Debug|Any CPU
		Release|Any CPU = Release|Any CPU
	EndGlobalSection
	GlobalSection(ProjectConfigurationPlatforms) = postSolution
		{854717EF-97E7-4B43-8871-5393007FEC53}.Debug|Any CPU.ActiveCfg = Debug|Any CPU
		{854717EF-97E7-4B43-8871-5393007FEC53}.Debug|Any CPU.Build.0 = Debug|Any CPU
		{854717EF-97E7-4B43-8871-5393007FEC53}.Release|Any CPU.ActiveCfg = Release|Any CPU
		{854717EF-97E7-4B43-8871-5393007FEC53}.Release|Any CPU.Build.0 = Release|Any CPU
	EndGlobalSection
	GlobalSection(SolutionProperties) = preSolution
		HideSolutionNode = FALSE
	EndGlobalSection
	GlobalSection(ExtensibilityGlobals) = postSolution
		SolutionGuid = {9193C9F5-0C09-4FE6-B1E1-EFDBD723BB8A}
	EndGlobalSection
EndGlobal
